
Microsoft Visual Studio Solution File, Format Version 12.00
# Visual Studio 15
VisualStudioVersion = 15.0.27130.2026
MinimumVisualStudioVersion = 10.0.40219.1
Project("{FAE04EC0-301F-11D3-BF4B-00C04F79EFBC}") = "KAMO", "KAMO\KAMO.csproj", "{838210D6-5944-421F-8786-9BC6850CFA4D}"
EndProject
Global
	GlobalSection(SolutionConfigurationPlatforms) = preSolution
		Debug|Any CPU = Debug|Any CPU
		Release|Any CPU = Release|Any CPU
	EndGlobalSection
	GlobalSection(ProjectConfigurationPlatforms) = postSolution
		{838210D6-5944-421F-8786-9BC6850CFA4D}.Debug|Any CPU.ActiveCfg = Debug|Any CPU
		{838210D6-5944-421F-8786-9BC6850CFA4D}.Debug|Any CPU.Build.0 = Debug|Any CPU
		{838210D6-5944-421F-8786-9BC6850CFA4D}.Release|Any CPU.ActiveCfg = Release|Any CPU
		{838210D6-5944-421F-8786-9BC6850CFA4D}.Release|Any CPU.Build.0 = Release|Any CPU
	EndGlobalSection
	GlobalSection(SolutionProperties) = preSolution
		HideSolutionNode = FALSE
	EndGlobalSection
	GlobalSection(ExtensibilityGlobals) = postSolution
		SolutionGuid = {115AFF29-DC6F-46CD-B5A0-60F1EEA8CBC5}
	EndGlobalSection
EndGlobal
